{
  "version": "2",
  "remote": {
    "https://deno.land/std@0.155.0/path/_constants.ts": "df1db3ffa6dd6d1252cc9617e5d72165cd2483df90e93833e13580687b6083c3",
    "https://deno.land/std@0.155.0/path/_util.ts": "d16be2a16e1204b65f9d0dfc54a9bc472cafe5f4a190b3c8471ec2016ccd1677",
    "https://deno.land/std@0.155.0/path/posix.ts": "c1f7afe274290ea0b51da07ee205653b2964bd74909a82deb07b69a6cc383aaa",
    "https://esm.sh/@scriptserver/core@2.0.4?dev": "5be5b694d3d49a8e217ed796a1560669c723b8d08544fa5f081f43dd5ef21eb4",
    "https://esm.sh/@scriptserver/essentials@2.0.4?dev": "122cdb7cb8a2e00ee959032c368de165fa578dcee2e748ae874cc77d42446695",
    "https://esm.sh/@scriptserver/event@2.0.5?dev": "eb3abc33ab4fd7c78e2a2f782e885a85052838ae74de78f89e32267536f3e024",
    "https://esm.sh/common-tags@1.8.2": "c8b4bb9242630224542235c871c80311491b9e1b73ec6b2e5b9bb840e850cea3",
    "https://esm.sh/v129/@scriptserver/command@2.0.4/denonext/command.development.mjs": "7ecb0d40736d6cd7aa2f7ea091ec20dfd9ef28239c0686e2af08ff9cbc5b24d9",
    "https://esm.sh/v129/@scriptserver/core@2.0.4/denonext/core.development.mjs": "9187fc43076f735c768bcc7fe3198c635be4a2c83a780d94639917ea17ea92fa",
    "https://esm.sh/v129/@scriptserver/essentials@2.0.4/denonext/essentials.development.mjs": "f24b9b8ed8cd18153f66252614be6dcaee190132e3061d5a1612bcba98ea1d48",
    "https://esm.sh/v129/@scriptserver/event@2.0.5/denonext/event.development.mjs": "13e6e542653535a8941dd473cb560547adac6f2b5c9f6a676c835149f95163c2",
    "https://esm.sh/v129/@scriptserver/json@2.0.4/denonext/json.development.mjs": "dbbbdcf4365b390b65d78df571cf9af6392e82cc75b29c544b20a6414b582041",
    "https://esm.sh/v129/@scriptserver/util@2.0.5/denonext/util.development.mjs": "68eecea1796658ba09aac35ff962ede75b8adfb4f5a0dcba1670517f1ff5b70b",
    "https://esm.sh/v129/lodash._reinterpolate@3.0.0/denonext/lodash._reinterpolate.development.mjs": "85262b2b3908c84314ad73472b62d4f7fd26db5ea29ce148d8646862b1a66d20",
    "https://esm.sh/v129/lodash.defaultsdeep@4.6.1/denonext/lodash.defaultsdeep.development.mjs": "e5597583ad2e92724fc852f404c3f43c85c46e61e45e050dc722f985c1d544e2",
    "https://esm.sh/v129/lodash.get@4.4.2/denonext/lodash.get.development.mjs": "6f76c8e393d81567f14ee8222de8023ebcb3f9e472159d7e63593c50f3118073",
    "https://esm.sh/v129/lodash.template@4.5.0/denonext/lodash.template.development.mjs": "44d8e319a5f931653315b43ba381fcc40bde43dae0f7effd790209b450294511",
    "https://esm.sh/v129/lodash.templatesettings@4.2.0/denonext/lodash.templatesettings.development.mjs": "74e5bfdbee09844e8ea7e22948ec090e7704812d4ed79af1a0e2327ba46c14eb",
    "https://esm.sh/v131/common-tags@1.8.2/denonext/common-tags.mjs": "5938099f0dfeea9540d8b855e05edcd3d3524df21354263cbcceba83fabfbbfc",
    "https://esm.sh/v131/isexe@2.0.0/denonext/isexe.mjs": "3cfefd270d1bfdfb864ee98dbb8f41d150cbf480925158f4a8f0ade8a9e17d6c",
    "https://esm.sh/v131/which@3.0.1/denonext/which.mjs": "e75a98fefd44bbb3f71ec43996b9075235dd0e8ad2ef3b5e225351fc3e514096",
    "https://esm.sh/which@3.0.1": "04e242fa063a042999b57e674cae7fe03d22de5fc2e6b911b2673ea2d0ffc2c9"
  }
}
